
Microsoft Visual Studio Solution File, Format Version 12.00
# Visual Studio Version 16
VisualStudioVersion = 16.0.31205.134
MinimumVisualStudioVersion = 10.0.40219.1
Project("{FAE04EC0-301F-11D3-BF4B-00C04F79EFBC}") = "PKIT02", "PKIT02\PKIT02.csproj", "{981960B1-9234-49F7-9853-E9B9169D1F23}"
EndProject
Global
	GlobalSection(SolutionConfigurationPlatforms) = preSolution
		Debug|Any CPU = Debug|Any CPU
		Release|Any CPU = Release|Any CPU
	EndGlobalSection
	GlobalSection(ProjectConfigurationPlatforms) = postSolution
		{981960B1-9234-49F7-9853-E9B9169D1F23}.Debug|Any CPU.ActiveCfg = Debug|Any CPU
		{981960B1-9234-49F7-9853-E9B9169D1F23}.Debug|Any CPU.Build.0 = Debug|Any CPU
		{981960B1-9234-49F7-9853-E9B9169D1F23}.Release|Any CPU.ActiveCfg = Release|Any CPU
		{981960B1-9234-49F7-9853-E9B9169D1F23}.Release|Any CPU.Build.0 = Release|Any CPU
	EndGlobalSection
	GlobalSection(SolutionProperties) = preSolution
		HideSolutionNode = FALSE
	EndGlobalSection
	GlobalSection(ExtensibilityGlobals) = postSolution
		SolutionGuid = {D745CF3B-12F8-4401-955A-718D16AA106B}
	EndGlobalSection
EndGlobal
